{
  "lockfileVersion": 1,
  "configVersion": 1,
  "workspaces": {
    "": {
      "name": "waslah",
      "dependencies": {
        "grammy": "^1.45.1",
        "hono": "^4.13.0",
        "postgres": "^3.4.9",
      },
      "devDependencies": {
        "@biomejs/biome": "^2.5.7",
        "@types/bun": "latest",
        "typescript": "^5.6.0",
      },
    },
  },
  "packages": {
    "@biomejs/biome": ["@biomejs/biome@2.5.7", "", { "optionalDependencies": { "@biomejs/cli-darwin-arm64": "2.5.7", "@biomejs/cli-darwin-x64": "2.5.7", "@biomejs/cli-linux-arm64": "2.5.7", "@biomejs/cli-linux-arm64-musl": "2.5.7", "@biomejs/cli-linux-x64": "2.5.7", "@biomejs/cli-linux-x64-musl": "2.5.7", "@biomejs/cli-win32-arm64": "2.5.7", "@biomejs/cli-win32-x64": "2.5.7" }, "bin": { "biome": "bin/biome" } }, "sha512-zr8K/DcY5tYsQOQwqMJ0AWElo6QgmgNI7idXgXLhevVszlt8RGVpesEJPqx3ThazLaOwjJ5Y8fz3BtH5fGZNsw=="],

    "@biomejs/cli-darwin-arm64": ["@biomejs/cli-darwin-arm64@2.5.7", "", { "os": "darwin", "cpu": "arm64" }, "sha512-vxo/Ls3/PYdQWyLhYYcgMOCzQypAjcY+iihS8M0wW03l16TCLW4zqZzGo75gm1VdCMj38hTVZ31KBWrZ4G9dJw=="],

    "@biomejs/cli-darwin-x64": ["@biomejs/cli-darwin-x64@2.5.7", "", { "os": "darwin", "cpu": "x64" }, "sha512-Cd3Ga61amT/Yl/0x8elP5hhGYaFy4bw6WuysTgf7oo8TA5tJ5A1k+DkVoJ2BHbTVil51gTX9VPzArnrlLJ3Kyg=="],

    "@biomejs/cli-linux-arm64": ["@biomejs/cli-linux-arm64@2.5.7", "", { "os": "linux", "cpu": "arm64" }, "sha512-rR2QE0yF2GYSuYuKIa7pKvODGJqnOH+2eDREAM8wV+mWKSkMQKdAp4zXEZfTaxY8PMoNONnpgSWcBCyLDPDOKg=="],

    "@biomejs/cli-linux-arm64-musl": ["@biomejs/cli-linux-arm64-musl@2.5.7", "", { "os": "linux", "cpu": "arm64" }, "sha512-xPI5yB6XlpDbNkS+bm1t42olw5c4l3UrlOmLg7KtLJvjvkNF/1V4tnUgfkylGIeb3u/T+BzMGYqgQhzjAoJzuQ=="],

    "@biomejs/cli-linux-x64": ["@biomejs/cli-linux-x64@2.5.7", "", { "os": "linux", "cpu": "x64" }, "sha512-FQgqJhscrqJUFptGaRSUJWlXAExwWcDwLuK49dvKfkQ1bB5SEEyFssnsxQY83Xm6jR0EbbX3+8+D5bfvYqUG2Q=="],

    "@biomejs/cli-linux-x64-musl": ["@biomejs/cli-linux-x64-musl@2.5.7", "", { "os": "linux", "cpu": "x64" }, "sha512-rE5VZi+qtmPgQH+l7jVxYoZ18b/TiHEhulhMpjmCZH1PltSbjRcxNWywC3HZ9tYottG7ORkeTtoscBilKSBm0g=="],

    "@biomejs/cli-win32-arm64": ["@biomejs/cli-win32-arm64@2.5.7", "", { "os": "win32", "cpu": "arm64" }, "sha512-Oq4x0CCwP4jirrcTywXs5kOGZ4v5vuEP+gWrbtjApOA2CL9F3F9GlIdQIci8AKSCa/zURanMRpX/4wQ7Am6hHg=="],

    "@biomejs/cli-win32-x64": ["@biomejs/cli-win32-x64@2.5.7", "", { "os": "win32", "cpu": "x64" }, "sha512-V+0wu/nrj2S+MhP4EQ0uHNolP0IALEsz45pg0WoKkHfDeh0+ItHwP/p7bX5RPoMOl9NkpHYWdYPhIcy2mACHvQ=="],

    "@grammyjs/types": ["@grammyjs/types@4.0.0", "", {}, "sha512-Z8lDLTvOlo12e5Vnly/vQh3JC9ppaitS1dGZ3w068gNitOd/y8tTSiib+Xm38aBGbtYGmUZwOc6afYrLs2CSTg=="],

    "@types/bun": ["@types/bun@1.3.14", "", { "dependencies": { "bun-types": "1.3.14" } }, "sha512-h1hFqFVcvAvD9j9K7ZW7vd82aSA+rTdznZa+5bwvCwqSB1jmmfLcbIWhOLx1/+boy/xmjgCs/OMUL8hRJSmnPw=="],

    "@types/node": ["@types/node@26.1.2", "", { "dependencies": { "undici-types": "~8.3.0" } }, "sha512-Vu4a5UFA9rIIFJ7rB/Vaafh9lrCQszopTCx6KjFboXTGQbPNasehVR5TEiithSDGyd1DEiUByggTZsg8jukeIg=="],

    "abort-controller": ["abort-controller@3.0.0", "", { "dependencies": { "event-target-shim": "^5.0.0" } }, "sha512-h8lQ8tacZYnR3vNQTgibj+tODHI5/+l06Au2Pcriv/Gmet0eaj4TwWH41sO9wnHDiQsEj19q0drzdWdeAHtweg=="],

    "bun-types": ["bun-types@1.3.14", "", { "dependencies": { "@types/node": "*" } }, "sha512-4N0ig0fEomHt5R0KCFWjovxow98rIoRwKolrYdCcknNwMekCXRnWEUvgu5soYV8QXtVsrUD8B95MBOZGPvr6KQ=="],

    "debug": ["debug@4.4.3", "", { "dependencies": { "ms": "^2.1.3" }, "peerDependencies": { "supports-color": "*" }, "optionalPeers": ["supports-color"] }, "sha512-RGwwWnwQvkVfavKVt22FGLw+xYSdzARwm0ru6DhTVA3umU5hZc28V3kO4stgYryrTlLpuvgI9GiijltAjNbcqA=="],

    "event-target-shim": ["event-target-shim@5.0.1", "", {}, "sha512-i/2XbnSz/uxRCU6+NdVJgKWDTM427+MqYbkQzD321DuCQJUqOuJKIA0IM2+W2xtYHdKOmZ4dR6fExsd4SXL+WQ=="],

    "grammy": ["grammy@1.45.1", "", { "dependencies": { "@grammyjs/types": "4.0.0", "abort-controller": "^3.0.0", "debug": "^4.4.3", "node-fetch": "^2.7.0" } }, "sha512-Y4VL/hqJMZZxwlUr5ZgM68CFu2iIeEkNLR1cY3+Ww68CIvWARDsoXFix7+31rmyC0+7L85ZI+Pq3E5JSG5+nLQ=="],

    "hono": ["hono@4.13.0", "", {}, "sha512-jhunvfHWxd7J5EFfSgH4xsYJzSe/lfqbUCxiyyeaQasUsXeEHXtzVid+7EOGByc5JnFa23SSFL3Y2RV/z1T+eQ=="],

    "ms": ["ms@2.1.3", "", {}, "sha512-6FlzubTLZG3J2a/NVCAleEhjzq5oxgHyaCU9yYXvcLsvoVaHJq/s5xXI6/XXP6tz7R9xAOtHnSO/tXtF3WRTlA=="],

    "node-fetch": ["node-fetch@2.7.0", "", { "dependencies": { "whatwg-url": "^5.0.0" }, "peerDependencies": { "encoding": "^0.1.0" }, "optionalPeers": ["encoding"] }, "sha512-c4FRfUm/dbcWZ7U+1Wq0AwCyFL+3nt2bEw05wfxSz+DWpWsitgmSgYmy2dQdWyKC1694ELPqMs/YzUSNozLt8A=="],

    "postgres": ["postgres@3.4.9", "", {}, "sha512-GD3qdB0x1z9xgFI6cdRD6xu2Sp2WCOEoe3mtnyB5Ee0XrrL5Pe+e4CCnJrRMnL1zYtRDZmQQVbvOttLnKDLnaw=="],

    "tr46": ["tr46@0.0.3", "", {}, "sha512-N3WMsuqV66lT30CrXNbEjx4GEwlow3v6rr4mCcv6prnfwhS01rkgyFdjPNBYd9br7LpXV1+Emh01fHnq2Gdgrw=="],

    "typescript": ["typescript@5.9.3", "", { "bin": { "tsc": "bin/tsc", "tsserver": "bin/tsserver" } }, "sha512-jl1vZzPDinLr9eUt3J/t7V6FgNEw9QjvBPdysz9KfQDD41fQrC2Y4vKQdiaUpFT4bXlb1RHhLpp8wtm6M5TgSw=="],

    "undici-types": ["undici-types@8.3.0", "", {}, "sha512-j375ScV60dom+YkPFIfTLcOiPxkN/buHz5GobjLhixFuANaNs3C9l4GmrWqejgXWJ7BbJcFYpTEUkS1Ge8bpZQ=="],

    "webidl-conversions": ["webidl-conversions@3.0.1", "", {}, "sha512-2JAn3z8AR6rjK8Sm8orRC0h/bcl/DqL7tRPdGZ4I1CjdF+EaMLmYxBHyXuKL849eucPFhvBoxMsflfOb8kxaeQ=="],

    "whatwg-url": ["whatwg-url@5.0.0", "", { "dependencies": { "tr46": "~0.0.3", "webidl-conversions": "^3.0.0" } }, "sha512-saE57nupxk6v3HY35+jzBwYa0rKSy0XR8JSxZPwgLr7ys0IBzhGviA1/TUGJLmSVqs8pb9AnvICXEuOHLprYTw=="],
  }
}
