{
  "version": "5",
  "specifiers": {
    "jsr:@deno/installer-shell-setup@*": "0.3.4"
  },
  "jsr": {
    "@deno/installer-shell-setup@0.3.4": {
      "integrity": "48665d1a737d487cce6874bc97bba70a5aeffa7053aca3f60df93c6fab8963b4"
    }
  },
  "workspace": {
    "packageJson": {
      "dependencies": [
        "npm:@biomejs/biome@^2.5.7",
        "npm:@types/bun@1.4.2",
        "npm:grammy@^1.45.1",
        "npm:hono@^4.13.5",
        "npm:postgres@^3.4.9",
        "npm:socket.io-client@^4.8.4",
        "npm:socket.io@^4.8.4",
        "npm:typescript@^7.0.2"
      ]
    },
    "members": {
      "apps/miniapp": {
        "packageJson": {
          "dependencies": [
            "npm:@types/react-dom@19",
            "npm:@types/react@19",
            "npm:@vitejs/plugin-react@^6.1.1",
            "npm:react-dom@19",
            "npm:react@19",
            "npm:socket.io-client@^4.8.3",
            "npm:typescript@^7.0.2",
            "npm:vite@^8.3.1"
          ]
        }
      }
    }
  }
}
